
Microsoft Visual Studio Solution File, Format Version 12.00
# Visual Studio Version 17
VisualStudioVersion = 17.0.31903.59
MinimumVisualStudioVersion = 10.0.40219.1
Project("{2150E333-8FDC-42A3-9474-1A3956D46DE8}") = "src", "src", "{827E0CD3-B72D-47B6-A68D-7590B98EB39B}"
EndProject
Project("{FAE04EC0-301F-11D3-BF4B-00C04F79EFBC}") = "EmulatorPCHub.App", "src\EmulatorPCHub.App\EmulatorPCHub.App.csproj", "{121BC83C-6117-4D26-8740-B4615520581D}"
EndProject
Project("{FAE04EC0-301F-11D3-BF4B-00C04F79EFBC}") = "EmulatorPCHub.Core", "src\EmulatorPCHub.Core\EmulatorPCHub.Core.csproj", "{3009165A-C1F9-4BF1-BA6C-5C4C0018A2DF}"
EndProject
Project("{FAE04EC0-301F-11D3-BF4B-00C04F79EFBC}") = "EmulatorPCHub.Library", "src\EmulatorPCHub.Library\EmulatorPCHub.Library.csproj", "{A20CE35D-C645-41C6-8394-AFAB80395309}"
EndProject
Project("{FAE04EC0-301F-11D3-BF4B-00C04F79EFBC}") = "EmulatorPCHub.Emulation", "src\EmulatorPCHub.Emulation\EmulatorPCHub.Emulation.csproj", "{7FADEE94-E22E-48FC-AE92-1DD34AF875C0}"
EndProject
Project("{FAE04EC0-301F-11D3-BF4B-00C04F79EFBC}") = "EmulatorPCHub.Mods", "src\EmulatorPCHub.Mods\EmulatorPCHub.Mods.csproj", "{BC936BEE-DA88-440A-A7C2-5BE38E39D132}"
EndProject
Project("{FAE04EC0-301F-11D3-BF4B-00C04F79EFBC}") = "EmulatorPCHub.Controllers", "src\EmulatorPCHub.Controllers\EmulatorPCHub.Controllers.csproj", "{22308393-552A-400A-8B8B-98D6D76CED59}"
EndProject
Project("{FAE04EC0-301F-11D3-BF4B-00C04F79EFBC}") = "EmulatorPCHub.Updates", "src\EmulatorPCHub.Updates\EmulatorPCHub.Updates.csproj", "{550D9A1D-5B2D-41F5-8F68-55AC9156925F}"
EndProject
Project("{FAE04EC0-301F-11D3-BF4B-00C04F79EFBC}") = "EmulatorPCHub.UI", "src\EmulatorPCHub.UI\EmulatorPCHub.UI.csproj", "{6C2EC7F9-ED23-463B-9890-E970F59C56AC}"
EndProject
Project("{2150E333-8FDC-42A3-9474-1A3956D46DE8}") = "tests", "tests", "{0AB3BF05-4346-4AA6-1389-037BE0695223}"
EndProject
Project("{FAE04EC0-301F-11D3-BF4B-00C04F79EFBC}") = "EmulatorPCHub.Tests", "tests\EmulatorPCHub.Tests\EmulatorPCHub.Tests.csproj", "{071BF083-4543-48FB-94D3-02E4CF84A15F}"
EndProject
Global
	GlobalSection(SolutionConfigurationPlatforms) = preSolution
		Debug|Any CPU = Debug|Any CPU
		Debug|x64 = Debug|x64
		Debug|x86 = Debug|x86
		Release|Any CPU = Release|Any CPU
		Release|x64 = Release|x64
		Release|x86 = Release|x86
	EndGlobalSection
	GlobalSection(ProjectConfigurationPlatforms) = postSolution
		{121BC83C-6117-4D26-8740-B4615520581D}.Debug|Any CPU.ActiveCfg = Debug|x64
		{121BC83C-6117-4D26-8740-B4615520581D}.Debug|Any CPU.Build.0 = Debug|x64
		{121BC83C-6117-4D26-8740-B4615520581D}.Debug|x64.ActiveCfg = Debug|x64
		{121BC83C-6117-4D26-8740-B4615520581D}.Debug|x64.Build.0 = Debug|x64
		{121BC83C-6117-4D26-8740-B4615520581D}.Debug|x86.ActiveCfg = Debug|x64
		{121BC83C-6117-4D26-8740-B4615520581D}.Debug|x86.Build.0 = Debug|x64
		{121BC83C-6117-4D26-8740-B4615520581D}.Release|Any CPU.ActiveCfg = Release|x64
		{121BC83C-6117-4D26-8740-B4615520581D}.Release|Any CPU.Build.0 = Release|x64
		{121BC83C-6117-4D26-8740-B4615520581D}.Release|x64.ActiveCfg = Release|x64
		{121BC83C-6117-4D26-8740-B4615520581D}.Release|x64.Build.0 = Release|x64
		{121BC83C-6117-4D26-8740-B4615520581D}.Release|x86.ActiveCfg = Release|x64
		{121BC83C-6117-4D26-8740-B4615520581D}.Release|x86.Build.0 = Release|x64
		{3009165A-C1F9-4BF1-BA6C-5C4C0018A2DF}.Debug|Any CPU.ActiveCfg = Debug|Any CPU
		{3009165A-C1F9-4BF1-BA6C-5C4C0018A2DF}.Debug|Any CPU.Build.0 = Debug|Any CPU
		{3009165A-C1F9-4BF1-BA6C-5C4C0018A2DF}.Debug|x64.ActiveCfg = Debug|Any CPU
		{3009165A-C1F9-4BF1-BA6C-5C4C0018A2DF}.Debug|x64.Build.0 = Debug|Any CPU
		{3009165A-C1F9-4BF1-BA6C-5C4C0018A2DF}.Debug|x86.ActiveCfg = Debug|Any CPU
		{3009165A-C1F9-4BF1-BA6C-5C4C0018A2DF}.Debug|x86.Build.0 = Debug|Any CPU
		{3009165A-C1F9-4BF1-BA6C-5C4C0018A2DF}.Release|Any CPU.ActiveCfg = Release|Any CPU
		{3009165A-C1F9-4BF1-BA6C-5C4C0018A2DF}.Release|Any CPU.Build.0 = Release|Any CPU
		{3009165A-C1F9-4BF1-BA6C-5C4C0018A2DF}.Release|x64.ActiveCfg = Release|Any CPU
		{3009165A-C1F9-4BF1-BA6C-5C4C0018A2DF}.Release|x64.Build.0 = Release|Any CPU
		{3009165A-C1F9-4BF1-BA6C-5C4C0018A2DF}.Release|x86.ActiveCfg = Release|Any CPU
		{3009165A-C1F9-4BF1-BA6C-5C4C0018A2DF}.Release|x86.Build.0 = Release|Any CPU
		{A20CE35D-C645-41C6-8394-AFAB80395309}.Debug|Any CPU.ActiveCfg = Debug|Any CPU
		{A20CE35D-C645-41C6-8394-AFAB80395309}.Debug|Any CPU.Build.0 = Debug|Any CPU
		{A20CE35D-C645-41C6-8394-AFAB80395309}.Debug|x64.ActiveCfg = Debug|Any CPU
		{A20CE35D-C645-41C6-8394-AFAB80395309}.Debug|x64.Build.0 = Debug|Any CPU
		{A20CE35D-C645-41C6-8394-AFAB80395309}.Debug|x86.ActiveCfg = Debug|Any CPU
		{A20CE35D-C645-41C6-8394-AFAB80395309}.Debug|x86.Build.0 = Debug|Any CPU
		{A20CE35D-C645-41C6-8394-AFAB80395309}.Release|Any CPU.ActiveCfg = Release|Any CPU
		{A20CE35D-C645-41C6-8394-AFAB80395309}.Release|Any CPU.Build.0 = Release|Any CPU
		{A20CE35D-C645-41C6-8394-AFAB80395309}.Release|x64.ActiveCfg = Release|Any CPU
		{A20CE35D-C645-41C6-8394-AFAB80395309}.Release|x64.Build.0 = Release|Any CPU
		{A20CE35D-C645-41C6-8394-AFAB80395309}.Release|x86.ActiveCfg = Release|Any CPU
		{A20CE35D-C645-41C6-8394-AFAB80395309}.Release|x86.Build.0 = Release|Any CPU
		{7FADEE94-E22E-48FC-AE92-1DD34AF875C0}.Debug|Any CPU.ActiveCfg = Debug|Any CPU
		{7FADEE94-E22E-48FC-AE92-1DD34AF875C0}.Debug|Any CPU.Build.0 = Debug|Any CPU
		{7FADEE94-E22E-48FC-AE92-1DD34AF875C0}.Debug|x64.ActiveCfg = Debug|Any CPU
		{7FADEE94-E22E-48FC-AE92-1DD34AF875C0}.Debug|x64.Build.0 = Debug|Any CPU
		{7FADEE94-E22E-48FC-AE92-1DD34AF875C0}.Debug|x86.ActiveCfg = Debug|Any CPU
		{7FADEE94-E22E-48FC-AE92-1DD34AF875C0}.Debug|x86.Build.0 = Debug|Any CPU
		{7FADEE94-E22E-48FC-AE92-1DD34AF875C0}.Release|Any CPU.ActiveCfg = Release|Any CPU
		{7FADEE94-E22E-48FC-AE92-1DD34AF875C0}.Release|Any CPU.Build.0 = Release|Any CPU
		{7FADEE94-E22E-48FC-AE92-1DD34AF875C0}.Release|x64.ActiveCfg = Release|Any CPU
		{7FADEE94-E22E-48FC-AE92-1DD34AF875C0}.Release|x64.Build.0 = Release|Any CPU
		{7FADEE94-E22E-48FC-AE92-1DD34AF875C0}.Release|x86.ActiveCfg = Release|Any CPU
		{7FADEE94-E22E-48FC-AE92-1DD34AF875C0}.Release|x86.Build.0 = Release|Any CPU
		{BC936BEE-DA88-440A-A7C2-5BE38E39D132}.Debug|Any CPU.ActiveCfg = Debug|Any CPU
		{BC936BEE-DA88-440A-A7C2-5BE38E39D132}.Debug|Any CPU.Build.0 = Debug|Any CPU
		{BC936BEE-DA88-440A-A7C2-5BE38E39D132}.Debug|x64.ActiveCfg = Debug|Any CPU
		{BC936BEE-DA88-440A-A7C2-5BE38E39D132}.Debug|x64.Build.0 = Debug|Any CPU
		{BC936BEE-DA88-440A-A7C2-5BE38E39D132}.Debug|x86.ActiveCfg = Debug|Any CPU
		{BC936BEE-DA88-440A-A7C2-5BE38E39D132}.Debug|x86.Build.0 = Debug|Any CPU
		{BC936BEE-DA88-440A-A7C2-5BE38E39D132}.Release|Any CPU.ActiveCfg = Release|Any CPU
		{BC936BEE-DA88-440A-A7C2-5BE38E39D132}.Release|Any CPU.Build.0 = Release|Any CPU
		{BC936BEE-DA88-440A-A7C2-5BE38E39D132}.Release|x64.ActiveCfg = Release|Any CPU
		{BC936BEE-DA88-440A-A7C2-5BE38E39D132}.Release|x64.Build.0 = Release|Any CPU
		{BC936BEE-DA88-440A-A7C2-5BE38E39D132}.Release|x86.ActiveCfg = Release|Any CPU
		{BC936BEE-DA88-440A-A7C2-5BE38E39D132}.Release|x86.Build.0 = Release|Any CPU
		{22308393-552A-400A-8B8B-98D6D76CED59}.Debug|Any CPU.ActiveCfg = Debug|Any CPU
		{22308393-552A-400A-8B8B-98D6D76CED59}.Debug|Any CPU.Build.0 = Debug|Any CPU
		{22308393-552A-400A-8B8B-98D6D76CED59}.Debug|x64.ActiveCfg = Debug|Any CPU
		{22308393-552A-400A-8B8B-98D6D76CED59}.Debug|x64.Build.0 = Debug|Any CPU
		{22308393-552A-400A-8B8B-98D6D76CED59}.Debug|x86.ActiveCfg = Debug|Any CPU
		{22308393-552A-400A-8B8B-98D6D76CED59}.Debug|x86.Build.0 = Debug|Any CPU
		{22308393-552A-400A-8B8B-98D6D76CED59}.Release|Any CPU.ActiveCfg = Release|Any CPU
		{22308393-552A-400A-8B8B-98D6D76CED59}.Release|Any CPU.Build.0 = Release|Any CPU
		{22308393-552A-400A-8B8B-98D6D76CED59}.Release|x64.ActiveCfg = Release|Any CPU
		{22308393-552A-400A-8B8B-98D6D76CED59}.Release|x64.Build.0 = Release|Any CPU
		{22308393-552A-400A-8B8B-98D6D76CED59}.Release|x86.ActiveCfg = Release|Any CPU
		{22308393-552A-400A-8B8B-98D6D76CED59}.Release|x86.Build.0 = Release|Any CPU
		{550D9A1D-5B2D-41F5-8F68-55AC9156925F}.Debug|Any CPU.ActiveCfg = Debug|Any CPU
		{550D9A1D-5B2D-41F5-8F68-55AC9156925F}.Debug|Any CPU.Build.0 = Debug|Any CPU
		{550D9A1D-5B2D-41F5-8F68-55AC9156925F}.Debug|x64.ActiveCfg = Debug|Any CPU
		{550D9A1D-5B2D-41F5-8F68-55AC9156925F}.Debug|x64.Build.0 = Debug|Any CPU
		{550D9A1D-5B2D-41F5-8F68-55AC9156925F}.Debug|x86.ActiveCfg = Debug|Any CPU
		{550D9A1D-5B2D-41F5-8F68-55AC9156925F}.Debug|x86.Build.0 = Debug|Any CPU
		{550D9A1D-5B2D-41F5-8F68-55AC9156925F}.Release|Any CPU.ActiveCfg = Release|Any CPU
		{550D9A1D-5B2D-41F5-8F68-55AC9156925F}.Release|Any CPU.Build.0 = Release|Any CPU
		{550D9A1D-5B2D-41F5-8F68-55AC9156925F}.Release|x64.ActiveCfg = Release|Any CPU
		{550D9A1D-5B2D-41F5-8F68-55AC9156925F}.Release|x64.Build.0 = Release|Any CPU
		{550D9A1D-5B2D-41F5-8F68-55AC9156925F}.Release|x86.ActiveCfg = Release|Any CPU
		{550D9A1D-5B2D-41F5-8F68-55AC9156925F}.Release|x86.Build.0 = Release|Any CPU
		{6C2EC7F9-ED23-463B-9890-E970F59C56AC}.Debug|Any CPU.ActiveCfg = Debug|Any CPU
		{6C2EC7F9-ED23-463B-9890-E970F59C56AC}.Debug|Any CPU.Build.0 = Debug|Any CPU
		{6C2EC7F9-ED23-463B-9890-E970F59C56AC}.Debug|x64.ActiveCfg = Debug|Any CPU
		{6C2EC7F9-ED23-463B-9890-E970F59C56AC}.Debug|x64.Build.0 = Debug|Any CPU
		{6C2EC7F9-ED23-463B-9890-E970F59C56AC}.Debug|x86.ActiveCfg = Debug|Any CPU
		{6C2EC7F9-ED23-463B-9890-E970F59C56AC}.Debug|x86.Build.0 = Debug|Any CPU
		{6C2EC7F9-ED23-463B-9890-E970F59C56AC}.Release|Any CPU.ActiveCfg = Release|Any CPU
		{6C2EC7F9-ED23-463B-9890-E970F59C56AC}.Release|Any CPU.Build.0 = Release|Any CPU
		{6C2EC7F9-ED23-463B-9890-E970F59C56AC}.Release|x64.ActiveCfg = Release|Any CPU
		{6C2EC7F9-ED23-463B-9890-E970F59C56AC}.Release|x64.Build.0 = Release|Any CPU
		{6C2EC7F9-ED23-463B-9890-E970F59C56AC}.Release|x86.ActiveCfg = Release|Any CPU
		{6C2EC7F9-ED23-463B-9890-E970F59C56AC}.Release|x86.Build.0 = Release|Any CPU
		{071BF083-4543-48FB-94D3-02E4CF84A15F}.Debug|Any CPU.ActiveCfg = Debug|Any CPU
		{071BF083-4543-48FB-94D3-02E4CF84A15F}.Debug|Any CPU.Build.0 = Debug|Any CPU
		{071BF083-4543-48FB-94D3-02E4CF84A15F}.Debug|x64.ActiveCfg = Debug|Any CPU
		{071BF083-4543-48FB-94D3-02E4CF84A15F}.Debug|x64.Build.0 = Debug|Any CPU
		{071BF083-4543-48FB-94D3-02E4CF84A15F}.Debug|x86.ActiveCfg = Debug|Any CPU
		{071BF083-4543-48FB-94D3-02E4CF84A15F}.Debug|x86.Build.0 = Debug|Any CPU
		{071BF083-4543-48FB-94D3-02E4CF84A15F}.Release|Any CPU.ActiveCfg = Release|Any CPU
		{071BF083-4543-48FB-94D3-02E4CF84A15F}.Release|Any CPU.Build.0 = Release|Any CPU
		{071BF083-4543-48FB-94D3-02E4CF84A15F}.Release|x64.ActiveCfg = Release|Any CPU
		{071BF083-4543-48FB-94D3-02E4CF84A15F}.Release|x64.Build.0 = Release|Any CPU
		{071BF083-4543-48FB-94D3-02E4CF84A15F}.Release|x86.ActiveCfg = Release|Any CPU
		{071BF083-4543-48FB-94D3-02E4CF84A15F}.Release|x86.Build.0 = Release|Any CPU
	EndGlobalSection
	GlobalSection(SolutionProperties) = preSolution
		HideSolutionNode = FALSE
	EndGlobalSection
	GlobalSection(NestedProjects) = preSolution
		{121BC83C-6117-4D26-8740-B4615520581D} = {827E0CD3-B72D-47B6-A68D-7590B98EB39B}
		{3009165A-C1F9-4BF1-BA6C-5C4C0018A2DF} = {827E0CD3-B72D-47B6-A68D-7590B98EB39B}
		{A20CE35D-C645-41C6-8394-AFAB80395309} = {827E0CD3-B72D-47B6-A68D-7590B98EB39B}
		{7FADEE94-E22E-48FC-AE92-1DD34AF875C0} = {827E0CD3-B72D-47B6-A68D-7590B98EB39B}
		{BC936BEE-DA88-440A-A7C2-5BE38E39D132} = {827E0CD3-B72D-47B6-A68D-7590B98EB39B}
		{22308393-552A-400A-8B8B-98D6D76CED59} = {827E0CD3-B72D-47B6-A68D-7590B98EB39B}
		{550D9A1D-5B2D-41F5-8F68-55AC9156925F} = {827E0CD3-B72D-47B6-A68D-7590B98EB39B}
		{6C2EC7F9-ED23-463B-9890-E970F59C56AC} = {827E0CD3-B72D-47B6-A68D-7590B98EB39B}
		{071BF083-4543-48FB-94D3-02E4CF84A15F} = {0AB3BF05-4346-4AA6-1389-037BE0695223}
	EndGlobalSection
EndGlobal
